
Microsoft Visual Studio Solution File, Format Version 12.00
# Visual Studio 15
VisualStudioVersion = 15.0.28307.1000
MinimumVisualStudioVersion = 10.0.40219.1
Project("{FAE04EC0-301F-11D3-BF4B-00C04F79EFBC}") = "Entity", "Entity\Entity.csproj", "{05F8001E-FD7F-4A28-9D5C-F1117F2358F4}"
EndProject
Project("{FAE04EC0-301F-11D3-BF4B-00C04F79EFBC}") = "BLL", "BLL\BLL.csproj", "{CBBE89E6-A7F6-4024-A482-A03564441016}"
EndProject
Project("{FAE04EC0-301F-11D3-BF4B-00C04F79EFBC}") = "UI", "UI\UI.csproj", "{D9E0C901-60DA-403E-9759-D9B40D27127C}"
EndProject
Global
	GlobalSection(SolutionConfigurationPlatforms) = preSolution
		Debug|Any CPU = Debug|Any CPU
		Release|Any CPU = Release|Any CPU
	EndGlobalSection
	GlobalSection(ProjectConfigurationPlatforms) = postSolution
		{05F8001E-FD7F-4A28-9D5C-F1117F2358F4}.Debug|Any CPU.ActiveCfg = Debug|Any CPU
		{05F8001E-FD7F-4A28-9D5C-F1117F2358F4}.Debug|Any CPU.Build.0 = Debug|Any CPU
		{05F8001E-FD7F-4A28-9D5C-F1117F2358F4}.Release|Any CPU.ActiveCfg = Release|Any CPU
		{05F8001E-FD7F-4A28-9D5C-F1117F2358F4}.Release|Any CPU.Build.0 = Release|Any CPU
		{CBBE89E6-A7F6-4024-A482-A03564441016}.Debug|Any CPU.ActiveCfg = Debug|Any CPU
		{CBBE89E6-A7F6-4024-A482-A03564441016}.Debug|Any CPU.Build.0 = Debug|Any CPU
		{CBBE89E6-A7F6-4024-A482-A03564441016}.Release|Any CPU.ActiveCfg = Release|Any CPU
		{CBBE89E6-A7F6-4024-A482-A03564441016}.Release|Any CPU.Build.0 = Release|Any CPU
		{D9E0C901-60DA-403E-9759-D9B40D27127C}.Debug|Any CPU.ActiveCfg = Debug|Any CPU
		{D9E0C901-60DA-403E-9759-D9B40D27127C}.Debug|Any CPU.Build.0 = Debug|Any CPU
		{D9E0C901-60DA-403E-9759-D9B40D27127C}.Release|Any CPU.ActiveCfg = Release|Any CPU
		{D9E0C901-60DA-403E-9759-D9B40D27127C}.Release|Any CPU.Build.0 = Release|Any CPU
	EndGlobalSection
	GlobalSection(SolutionProperties) = preSolution
		HideSolutionNode = FALSE
	EndGlobalSection
	GlobalSection(ExtensibilityGlobals) = postSolution
		SolutionGuid = {61C4B102-0483-47A2-A12A-4418101FEA55}
	EndGlobalSection
EndGlobal
